// !$*UTF8*$!
{
	archiveVersion = 1;
	classes = {
	};
	objectVersion = 54;
	objects = {

/* Begin PBXBuildFile section */
		05277B8C5E93123A6E7939AC /* Info.plist in Resources */ = {isa = PBXBuildFile; fileRef = 906FCCC88213A07139F745C3 /* Info.plist */; };
		0CE1F34692BAE769AA7C8108 /* Info.plist in Resources */ = {isa = PBXBuildFile; fileRef = FD98DDBEBB9D4B45FB2761E1 /* Info.plist */; };
		1498D2341E8E89220040F4C2 /* GeneratedPluginRegistrant.m in Sources */ = {isa = PBXBuildFile; fileRef = 1498D2331E8E89220040F4C2 /* GeneratedPluginRegistrant.m */; };
		15CA7612AB7B4BA93FA720A2 /* WatchContentView.swift in Sources */ = {isa = PBXBuildFile; fileRef = 3E736AE74464C4DECA27777C /* WatchContentView.swift */; };
		19194900A1F4FA892A9FFB53 /* WatchModels.swift in Sources */ = {isa = PBXBuildFile; fileRef = 8A303718E773F306F377527B /* WatchModels.swift */; };
		331C808B294A63AB00263BE5 /* RunnerTests.swift in Sources */ = {isa = PBXBuildFile; fileRef = 331C807B294A618700263BE5 /* RunnerTests.swift */; };
		3B3967161E833CAA004F5970 /* AppFrameworkInfo.plist in Resources */ = {isa = PBXBuildFile; fileRef = 3B3967151E833CAA004F5970 /* AppFrameworkInfo.plist */; };
		45B19D6A4B37FF479E8DA0B3 /* OrderingWatchApp.app in Embed Watch Content */ = {isa = PBXBuildFile; fileRef = 7B5AE45AB23EC2A86CC321F9 /* OrderingWatchApp.app */; };
		6D5CF29761775987736B0AFF /* Foundation.framework in Frameworks */ = {isa = PBXBuildFile; fileRef = 594B4D8D2998AA6EC4892680 /* Foundation.framework */; };
		74858FAF1ED2DC5600515810 /* AppDelegate.swift in Sources */ = {isa = PBXBuildFile; fileRef = 74858FAE1ED2DC5600515810 /* AppDelegate.swift */; };
		75348CE83D79947DE10A1A29 /* OrderingWatchApp.swift in Sources */ = {isa = PBXBuildFile; fileRef = ED68D96D63AD89BB40E77E0C /* OrderingWatchApp.swift */; };
		8B7D587CD68E8AD2088AF488 /* WatchOrdersViewModel.swift in Sources */ = {isa = PBXBuildFile; fileRef = 7608B76FA6E1F975BF5A4883 /* WatchOrdersViewModel.swift */; };
		97C146FC1CF9000F007C117D /* Main.storyboard in Resources */ = {isa = PBXBuildFile; fileRef = 97C146FA1CF9000F007C117D /* Main.storyboard */; };
		97C146FE1CF9000F007C117D /* Assets.xcassets in Resources */ = {isa = PBXBuildFile; fileRef = 97C146FD1CF9000F007C117D /* Assets.xcassets */; };
		97C147011CF9000F007C117D /* LaunchScreen.storyboard in Resources */ = {isa = PBXBuildFile; fileRef = 97C146FF1CF9000F007C117D /* LaunchScreen.storyboard */; };
		AFDA76E7C362FDB0536DC499 /* WatchSessionStore.swift in Sources */ = {isa = PBXBuildFile; fileRef = B8826E3EDF5E5DB7C8004DC3 /* WatchSessionStore.swift */; };
		BB2376B9DA3453B47EFF046B /* WatchApp.entitlements in Resources */ = {isa = PBXBuildFile; fileRef = 2403AFB9C0C560A76B1C408A /* WatchApp.entitlements */; };
		C1A1B2C3D4E5F60718293A4B /* CarPlayClient.swift in Sources */ = {isa = PBXBuildFile; fileRef = C0A1B2C3D4E5F60718293A4B /* CarPlayClient.swift */; };
		C1A1B2C3D4E5F60718293A4C /* CarPlayModels.swift in Sources */ = {isa = PBXBuildFile; fileRef = C0A1B2C3D4E5F60718293A4C /* CarPlayModels.swift */; };
		C1A1B2C3D4E5F60718293A4D /* CarPlaySceneDelegate.swift in Sources */ = {isa = PBXBuildFile; fileRef = C0A1B2C3D4E5F60718293A4D /* CarPlaySceneDelegate.swift */; };
		C1A1B2C3D4E5F60718293A4E /* CarPlaySessionStore.swift in Sources */ = {isa = PBXBuildFile; fileRef = C0A1B2C3D4E5F60718293A4E /* CarPlaySessionStore.swift */; };
		C4A1B2C3D4E5F60718293A50 /* CarPlay.framework in Frameworks */ = {isa = PBXBuildFile; fileRef = C3A1B2C3D4E5F60718293A50 /* CarPlay.framework */; };
		CF41E4F16F65DA6CD96E6674 /* WatchConnectivityManager.swift in Sources */ = {isa = PBXBuildFile; fileRef = BB7C9B5505D2A78B7B9A79B4 /* WatchConnectivityManager.swift */; };
		DF9C4335ED23EAE322BDB3ED /* WatchAPIClient.swift in Sources */ = {isa = PBXBuildFile; fileRef = 6E4C8BF596EB4E7727A20A51 /* WatchAPIClient.swift */; };
		E0D093A42989208E047E5A11 /* Foundation.framework in Frameworks */ = {isa = PBXBuildFile; fileRef = 594B4D8D2998AA6EC4892680 /* Foundation.framework */; };
		E2E6FD2971B688D244C244B0 /* WatchExtension.entitlements in Resources */ = {isa = PBXBuildFile; fileRef = 7A88BB20D98C29DB58F2F2D2 /* WatchExtension.entitlements */; };
		FEB2D3651FF788A06F578BEB /* WatchHandoffLink.swift in Sources */ = {isa = PBXBuildFile; fileRef = A947093BCA845DCD9EBA14DF /* WatchHandoffLink.swift */; };
		FF77506145A24709B6B7C512 /* OrderingWatchExtension.appex in Embed Watch Extensions */ = {isa = PBXBuildFile; fileRef = 22BCCCE124B6AD88405A97ED /* OrderingWatchExtension.appex */; };
/* End PBXBuildFile section */

/* Begin PBXContainerItemProxy section */
		331C8085294A63A400263BE5 /* PBXContainerItemProxy */ = {
			isa = PBXContainerItemProxy;
			containerPortal = 97C146E61CF9000F007C117D /* Project object */;
			proxyType = 1;
			remoteGlobalIDString = 97C146ED1CF9000F007C117D;
			remoteInfo = Runner;
		};
		62F59EDA1D59E2853467FE0B /* PBXContainerItemProxy */ = {
			isa = PBXContainerItemProxy;
			containerPortal = 97C146E61CF9000F007C117D /* Project object */;
			proxyType = 1;
			remoteGlobalIDString = BEE58A2E432CA80050254240;
			remoteInfo = OrderingWatchExtension;
		};
		8DE1472A90F5F4175657A762 /* PBXContainerItemProxy */ = {
			isa = PBXContainerItemProxy;
			containerPortal = 97C146E61CF9000F007C117D /* Project object */;
			proxyType = 1;
			remoteGlobalIDString = ED2136EA7E6D13F92380FDB8;
			remoteInfo = OrderingWatchApp;
		};
/* End PBXContainerItemProxy section */

/* Begin PBXCopyFilesBuildPhase section */
		9705A1C41CF9048500538489 /* Embed Frameworks */ = {
			isa = PBXCopyFilesBuildPhase;
			buildActionMask = 2147483647;
			dstPath = "";
			dstSubfolderSpec = 10;
			files = (
			);
			name = "Embed Frameworks";
			runOnlyForDeploymentPostprocessing = 0;
		};
		BECCEE2A5AF9246C431ABF2D /* Embed Watch Extensions */ = {
			isa = PBXCopyFilesBuildPhase;
			buildActionMask = 2147483647;
			dstPath = "";
			dstSubfolderSpec = 13;
			files = (
				FF77506145A24709B6B7C512 /* OrderingWatchExtension.appex in Embed Watch Extensions */,
			);
			name = "Embed Watch Extensions";
			runOnlyForDeploymentPostprocessing = 0;
		};
		CE50A4EEC7BF53D053A22030 /* Embed Watch Content */ = {
			isa = PBXCopyFilesBuildPhase;
			buildActionMask = 2147483647;
			dstPath = "$(CONTENTS_FOLDER_PATH)/Watch";
			dstSubfolderSpec = 16;
			files = (
				45B19D6A4B37FF479E8DA0B3 /* OrderingWatchApp.app in Embed Watch Content */,
			);
			name = "Embed Watch Content";
			runOnlyForDeploymentPostprocessing = 0;
		};
/* End PBXCopyFilesBuildPhase section */

/* Begin PBXFileReference section */
		1498D2321E8E86230040F4C2 /* GeneratedPluginRegistrant.h */ = {isa = PBXFileReference; lastKnownFileType = sourcecode.c.h; path = GeneratedPluginRegistrant.h; sourceTree = "<group>"; };
		1498D2331E8E89220040F4C2 /* GeneratedPluginRegistrant.m */ = {isa = PBXFileReference; fileEncoding = 4; lastKnownFileType = sourcecode.c.objc; path = GeneratedPluginRegistrant.m; sourceTree = "<group>"; };
		22BCCCE124B6AD88405A97ED /* OrderingWatchExtension.appex */ = {isa = PBXFileReference; explicitFileType = "wrapper.app-extension"; includeInIndex = 0; path = OrderingWatchExtension.appex; sourceTree = BUILT_PRODUCTS_DIR; };
		2403AFB9C0C560A76B1C408A /* WatchApp.entitlements */ = {isa = PBXFileReference; includeInIndex = 1; lastKnownFileType = text.plist.entitlements; name = WatchApp.entitlements; path = WatchApp/WatchApp.entitlements; sourceTree = "<group>"; };
		331C807B294A618700263BE5 /* RunnerTests.swift */ = {isa = PBXFileReference; lastKnownFileType = sourcecode.swift; path = RunnerTests.swift; sourceTree = "<group>"; };
		331C8081294A63A400263BE5 /* RunnerTests.xctest */ = {isa = PBXFileReference; explicitFileType = wrapper.cfbundle; includeInIndex = 0; path = RunnerTests.xctest; sourceTree = BUILT_PRODUCTS_DIR; };
		3B3967151E833CAA004F5970 /* AppFrameworkInfo.plist */ = {isa = PBXFileReference; fileEncoding = 4; lastKnownFileType = text.plist.xml; name = AppFrameworkInfo.plist; path = Flutter/AppFrameworkInfo.plist; sourceTree = "<group>"; };
		3E736AE74464C4DECA27777C /* WatchContentView.swift */ = {isa = PBXFileReference; includeInIndex = 1; lastKnownFileType = sourcecode.swift; name = WatchContentView.swift; path = WatchApp/WatchContentView.swift; sourceTree = "<group>"; };
		594B4D8D2998AA6EC4892680 /* Foundation.framework */ = {isa = PBXFileReference; lastKnownFileType = wrapper.framework; name = Foundation.framework; path = Platforms/WatchOS.platform/Developer/SDKs/WatchOS7.0.sdk/System/Library/Frameworks/Foundation.framework; sourceTree = DEVELOPER_DIR; };
		6E4C8BF596EB4E7727A20A51 /* WatchAPIClient.swift */ = {isa = PBXFileReference; includeInIndex = 1; lastKnownFileType = sourcecode.swift; name = WatchAPIClient.swift; path = WatchApp/WatchAPIClient.swift; sourceTree = "<group>"; };
		74858FAD1ED2DC5600515810 /* Runner-Bridging-Header.h */ = {isa = PBXFileReference; lastKnownFileType = sourcecode.c.h; path = "Runner-Bridging-Header.h"; sourceTree = "<group>"; };
		74858FAE1ED2DC5600515810 /* AppDelegate.swift */ = {isa = PBXFileReference; fileEncoding = 4; lastKnownFileType = sourcecode.swift; path = AppDelegate.swift; sourceTree = "<group>"; };
		7608B76FA6E1F975BF5A4883 /* WatchOrdersViewModel.swift */ = {isa = PBXFileReference; includeInIndex = 1; lastKnownFileType = sourcecode.swift; name = WatchOrdersViewModel.swift; path = WatchApp/WatchOrdersViewModel.swift; sourceTree = "<group>"; };
		7A88BB20D98C29DB58F2F2D2 /* WatchExtension.entitlements */ = {isa = PBXFileReference; includeInIndex = 1; lastKnownFileType = text.plist.entitlements; name = WatchExtension.entitlements; path = WatchExtension/WatchExtension.entitlements; sourceTree = "<group>"; };
		7AFA3C8E1D35360C0083082E /* Release.xcconfig */ = {isa = PBXFileReference; lastKnownFileType = text.xcconfig; name = Release.xcconfig; path = Flutter/Release.xcconfig; sourceTree = "<group>"; };
		7B5AE45AB23EC2A86CC321F9 /* OrderingWatchApp.app */ = {isa = PBXFileReference; explicitFileType = wrapper.application; includeInIndex = 0; path = OrderingWatchApp.app; sourceTree = BUILT_PRODUCTS_DIR; };
		8A303718E773F306F377527B /* WatchModels.swift */ = {isa = PBXFileReference; includeInIndex = 1; lastKnownFileType = sourcecode.swift; name = WatchModels.swift; path = WatchApp/WatchModels.swift; sourceTree = "<group>"; };
		906FCCC88213A07139F745C3 /* Info.plist */ = {isa = PBXFileReference; includeInIndex = 1; lastKnownFileType = text.plist.xml; name = Info.plist; path = WatchApp/Info.plist; sourceTree = "<group>"; };
		9740EEB21CF90195004384FC /* Debug.xcconfig */ = {isa = PBXFileReference; fileEncoding = 4; lastKnownFileType = text.xcconfig; name = Debug.xcconfig; path = Flutter/Debug.xcconfig; sourceTree = "<group>"; };
		9740EEB31CF90195004384FC /* Generated.xcconfig */ = {isa = PBXFileReference; fileEncoding = 4; lastKnownFileType = text.xcconfig; name = Generated.xcconfig; path = Flutter/Generated.xcconfig; sourceTree = "<group>"; };
		97C146EE1CF9000F007C117D /* Runner.app */ = {isa = PBXFileReference; explicitFileType = wrapper.application; includeInIndex = 0; path = Runner.app; sourceTree = BUILT_PRODUCTS_DIR; };
		97C146FB1CF9000F007C117D /* Base */ = {isa = PBXFileReference; lastKnownFileType = file.storyboard; name = Base; path = Base.lproj/Main.storyboard; sourceTree = "<group>"; };
		97C146FD1CF9000F007C117D /* Assets.xcassets */ = {isa = PBXFileReference; lastKnownFileType = folder.assetcatalog; path = Assets.xcassets; sourceTree = "<group>"; };
		97C147001CF9000F007C117D /* Base */ = {isa = PBXFileReference; lastKnownFileType = file.storyboard; name = Base; path = Base.lproj/LaunchScreen.storyboard; sourceTree = "<group>"; };
		97C147021CF9000F007C117D /* Info.plist */ = {isa = PBXFileReference; lastKnownFileType = text.plist.xml; path = Info.plist; sourceTree = "<group>"; };
		A947093BCA845DCD9EBA14DF /* WatchHandoffLink.swift */ = {isa = PBXFileReference; includeInIndex = 1; lastKnownFileType = sourcecode.swift; name = WatchHandoffLink.swift; path = WatchApp/WatchHandoffLink.swift; sourceTree = "<group>"; };
		B8826E3EDF5E5DB7C8004DC3 /* WatchSessionStore.swift */ = {isa = PBXFileReference; includeInIndex = 1; lastKnownFileType = sourcecode.swift; name = WatchSessionStore.swift; path = WatchApp/WatchSessionStore.swift; sourceTree = "<group>"; };
		BB7C9B5505D2A78B7B9A79B4 /* WatchConnectivityManager.swift */ = {isa = PBXFileReference; includeInIndex = 1; lastKnownFileType = sourcecode.swift; name = WatchConnectivityManager.swift; path = WatchApp/WatchConnectivityManager.swift; sourceTree = "<group>"; };
		C0A1B2C3D4E5F60718293A4B /* CarPlayClient.swift */ = {isa = PBXFileReference; fileEncoding = 4; lastKnownFileType = sourcecode.swift; path = CarPlay/CarPlayClient.swift; sourceTree = "<group>"; };
		C0A1B2C3D4E5F60718293A4C /* CarPlayModels.swift */ = {isa = PBXFileReference; fileEncoding = 4; lastKnownFileType = sourcecode.swift; path = CarPlay/CarPlayModels.swift; sourceTree = "<group>"; };
		C0A1B2C3D4E5F60718293A4D /* CarPlaySceneDelegate.swift */ = {isa = PBXFileReference; fileEncoding = 4; lastKnownFileType = sourcecode.swift; path = CarPlay/CarPlaySceneDelegate.swift; sourceTree = "<group>"; };
		C0A1B2C3D4E5F60718293A4E /* CarPlaySessionStore.swift */ = {isa = PBXFileReference; fileEncoding = 4; lastKnownFileType = sourcecode.swift; path = CarPlay/CarPlaySessionStore.swift; sourceTree = "<group>"; };
		C0A1B2C3D4E5F60718293A52 /* Runner.entitlements */ = {isa = PBXFileReference; lastKnownFileType = text.plist.entitlements; path = Runner.entitlements; sourceTree = "<group>"; };
		C3A1B2C3D4E5F60718293A50 /* CarPlay.framework */ = {isa = PBXFileReference; lastKnownFileType = wrapper.framework; name = CarPlay.framework; path = System/Library/Frameworks/CarPlay.framework; sourceTree = SDKROOT; };
		ED68D96D63AD89BB40E77E0C /* OrderingWatchApp.swift */ = {isa = PBXFileReference; includeInIndex = 1; lastKnownFileType = sourcecode.swift; name = OrderingWatchApp.swift; path = WatchApp/OrderingWatchApp.swift; sourceTree = "<group>"; };
		FD98DDBEBB9D4B45FB2761E1 /* Info.plist */ = {isa = PBXFileReference; includeInIndex = 1; lastKnownFileType = text.plist.xml; name = Info.plist; path = WatchExtension/Info.plist; sourceTree = "<group>"; };
/* End PBXFileReference section */

/* Begin PBXFrameworksBuildPhase section */
		19307A914201F86B8534E9B7 /* Frameworks */ = {
			isa = PBXFrameworksBuildPhase;
			buildActionMask = 2147483647;
			files = (
				E0D093A42989208E047E5A11 /* Foundation.framework in Frameworks */,
			);
			runOnlyForDeploymentPostprocessing = 0;
		};
		38571DCE63AAB4745EBD526E /* Frameworks */ = {
			isa = PBXFrameworksBuildPhase;
			buildActionMask = 2147483647;
			files = (
				6D5CF29761775987736B0AFF /* Foundation.framework in Frameworks */,
			);
			runOnlyForDeploymentPostprocessing = 0;
		};
		97C146EB1CF9000F007C117D /* Frameworks */ = {
			isa = PBXFrameworksBuildPhase;
			buildActionMask = 2147483647;
			files = (
				C4A1B2C3D4E5F60718293A50 /* CarPlay.framework in Frameworks */,
			);
			runOnlyForDeploymentPostprocessing = 0;
		};
/* End PBXFrameworksBuildPhase section */

/* Begin PBXGroup section */
		331C8082294A63A400263BE5 /* RunnerTests */ = {
			isa = PBXGroup;
			children = (
				331C807B294A618700263BE5 /* RunnerTests.swift */,
			);
			path = RunnerTests;
			sourceTree = "<group>";
		};
		6130C6600B178DFD82900F4B /* WatchExtension */ = {
			isa = PBXGroup;
			children = (
				FD98DDBEBB9D4B45FB2761E1 /* Info.plist */,
				7A88BB20D98C29DB58F2F2D2 /* WatchExtension.entitlements */,
			);
			name = WatchExtension;
			sourceTree = "<group>";
		};
		9740EEB11CF90186004384FC /* Flutter */ = {
			isa = PBXGroup;
			children = (
				3B3967151E833CAA004F5970 /* AppFrameworkInfo.plist */,
				9740EEB21CF90195004384FC /* Debug.xcconfig */,
				7AFA3C8E1D35360C0083082E /* Release.xcconfig */,
				9740EEB31CF90195004384FC /* Generated.xcconfig */,
			);
			name = Flutter;
			sourceTree = "<group>";
		};
		97C146E51CF9000F007C117D = {
			isa = PBXGroup;
			children = (
				9740EEB11CF90186004384FC /* Flutter */,
				97C146F01CF9000F007C117D /* Runner */,
				97C146EF1CF9000F007C117D /* Products */,
				331C8082294A63A400263BE5 /* RunnerTests */,
				C2A1B2C3D4E5F60718293A51 /* Frameworks */,
				FA394E7485D08FC20BF4F411 /* WatchApp */,
				6130C6600B178DFD82900F4B /* WatchExtension */,
			);
			sourceTree = "<group>";
		};
		97C146EF1CF9000F007C117D /* Products */ = {
			isa = PBXGroup;
			children = (
				97C146EE1CF9000F007C117D /* Runner.app */,
				331C8081294A63A400263BE5 /* RunnerTests.xctest */,
				7B5AE45AB23EC2A86CC321F9 /* OrderingWatchApp.app */,
				22BCCCE124B6AD88405A97ED /* OrderingWatchExtension.appex */,
			);
			name = Products;
			sourceTree = "<group>";
		};
		97C146F01CF9000F007C117D /* Runner */ = {
			isa = PBXGroup;
			children = (
				97C146FA1CF9000F007C117D /* Main.storyboard */,
				97C146FD1CF9000F007C117D /* Assets.xcassets */,
				97C146FF1CF9000F007C117D /* LaunchScreen.storyboard */,
				97C147021CF9000F007C117D /* Info.plist */,
				C0A1B2C3D4E5F60718293A52 /* Runner.entitlements */,
				1498D2321E8E86230040F4C2 /* GeneratedPluginRegistrant.h */,
				1498D2331E8E89220040F4C2 /* GeneratedPluginRegistrant.m */,
				74858FAE1ED2DC5600515810 /* AppDelegate.swift */,
				74858FAD1ED2DC5600515810 /* Runner-Bridging-Header.h */,
				C2A1B2C3D4E5F60718293A4F /* CarPlay */,
			);
			path = Runner;
			sourceTree = "<group>";
		};
		B8EF0D0C5E2F21D299218B4A /* watchOS */ = {
			isa = PBXGroup;
			children = (
				594B4D8D2998AA6EC4892680 /* Foundation.framework */,
			);
			name = watchOS;
			sourceTree = "<group>";
		};
		C2A1B2C3D4E5F60718293A4F /* CarPlay */ = {
			isa = PBXGroup;
			children = (
				C0A1B2C3D4E5F60718293A4B /* CarPlayClient.swift */,
				C0A1B2C3D4E5F60718293A4C /* CarPlayModels.swift */,
				C0A1B2C3D4E5F60718293A4D /* CarPlaySceneDelegate.swift */,
				C0A1B2C3D4E5F60718293A4E /* CarPlaySessionStore.swift */,
			);
			path = CarPlay;
			sourceTree = "<group>";
		};
		C2A1B2C3D4E5F60718293A51 /* Frameworks */ = {
			isa = PBXGroup;
			children = (
				C3A1B2C3D4E5F60718293A50 /* CarPlay.framework */,
				B8EF0D0C5E2F21D299218B4A /* watchOS */,
			);
			name = Frameworks;
			sourceTree = "<group>";
		};
		FA394E7485D08FC20BF4F411 /* WatchApp */ = {
			isa = PBXGroup;
			children = (
				ED68D96D63AD89BB40E77E0C /* OrderingWatchApp.swift */,
				3E736AE74464C4DECA27777C /* WatchContentView.swift */,
				8A303718E773F306F377527B /* WatchModels.swift */,
				B8826E3EDF5E5DB7C8004DC3 /* WatchSessionStore.swift */,
				6E4C8BF596EB4E7727A20A51 /* WatchAPIClient.swift */,
				A947093BCA845DCD9EBA14DF /* WatchHandoffLink.swift */,
				BB7C9B5505D2A78B7B9A79B4 /* WatchConnectivityManager.swift */,
				7608B76FA6E1F975BF5A4883 /* WatchOrdersViewModel.swift */,
				906FCCC88213A07139F745C3 /* Info.plist */,
				2403AFB9C0C560A76B1C408A /* WatchApp.entitlements */,
			);
			name = WatchApp;
			sourceTree = "<group>";
		};
/* End PBXGroup section */

/* Begin PBXNativeTarget section */
		331C8080294A63A400263BE5 /* RunnerTests */ = {
			isa = PBXNativeTarget;
			buildConfigurationList = 331C8087294A63A400263BE5 /* Build configuration list for PBXNativeTarget "RunnerTests" */;
			buildPhases = (
				331C807D294A63A400263BE5 /* Sources */,
				331C807F294A63A400263BE5 /* Resources */,
			);
			buildRules = (
			);
			dependencies = (
				331C8086294A63A400263BE5 /* PBXTargetDependency */,
			);
			name = RunnerTests;
			productName = RunnerTests;
			productReference = 331C8081294A63A400263BE5 /* RunnerTests.xctest */;
			productType = "com.apple.product-type.bundle.unit-test";
		};
		97C146ED1CF9000F007C117D /* Runner */ = {
			isa = PBXNativeTarget;
			buildConfigurationList = 97C147051CF9000F007C117D /* Build configuration list for PBXNativeTarget "Runner" */;
			buildPhases = (
				9740EEB61CF901F6004384FC /* Run Script */,
				97C146EA1CF9000F007C117D /* Sources */,
				97C146EB1CF9000F007C117D /* Frameworks */,
				97C146EC1CF9000F007C117D /* Resources */,
				9705A1C41CF9048500538489 /* Embed Frameworks */,
				3B06AD1E1E4923F5004D2608 /* Thin Binary */,
				CE50A4EEC7BF53D053A22030 /* Embed Watch Content */,
			);
			buildRules = (
			);
			dependencies = (
				328FF415D3E41EA59A5CAE6B /* PBXTargetDependency */,
			);
			name = Runner;
			productName = Runner;
			productReference = 97C146EE1CF9000F007C117D /* Runner.app */;
			productType = "com.apple.product-type.application";
		};
		BEE58A2E432CA80050254240 /* OrderingWatchExtension */ = {
			isa = PBXNativeTarget;
			buildConfigurationList = A52938AB2F59CFA2BD2E3FDA /* Build configuration list for PBXNativeTarget "OrderingWatchExtension" */;
			buildPhases = (
				D745DEE8E59FD013AC0CA66E /* Sources */,
				38571DCE63AAB4745EBD526E /* Frameworks */,
				3A5D4D67EB2B8D4D54F51DB4 /* Resources */,
			);
			buildRules = (
			);
			dependencies = (
			);
			name = OrderingWatchExtension;
			productName = OrderingWatchExtension;
			productReference = 22BCCCE124B6AD88405A97ED /* OrderingWatchExtension.appex */;
			productType = "com.apple.product-type.watchkit2-extension";
		};
		ED2136EA7E6D13F92380FDB8 /* OrderingWatchApp */ = {
			isa = PBXNativeTarget;
			buildConfigurationList = 953825A67B605242F9B0516D /* Build configuration list for PBXNativeTarget "OrderingWatchApp" */;
			buildPhases = (
				71BE115EAC7A4017F096B4A1 /* Sources */,
				19307A914201F86B8534E9B7 /* Frameworks */,
				C8F94647600C034AD2444464 /* Resources */,
				BECCEE2A5AF9246C431ABF2D /* Embed Watch Extensions */,
			);
			buildRules = (
			);
			dependencies = (
				586B64E67633719D7A7CA654 /* PBXTargetDependency */,
			);
			name = OrderingWatchApp;
			productName = OrderingWatchApp;
			productReference = 7B5AE45AB23EC2A86CC321F9 /* OrderingWatchApp.app */;
			productType = "com.apple.product-type.application.watchapp2";
		};
/* End PBXNativeTarget section */

/* Begin PBXProject section */
		97C146E61CF9000F007C117D /* Project object */ = {
			isa = PBXProject;
			attributes = {
				BuildIndependentTargetsInParallel = YES;
				LastUpgradeCheck = 1510;
				ORGANIZATIONNAME = "";
				TargetAttributes = {
					331C8080294A63A400263BE5 = {
						CreatedOnToolsVersion = 14.0;
						TestTargetID = 97C146ED1CF9000F007C117D;
					};
					97C146ED1CF9000F007C117D = {
						CreatedOnToolsVersion = 7.3.1;
						LastSwiftMigration = 1100;
						SystemCapabilities = {
							com.apple.ApplicationGroups = {
								enabled = 1;
							};
							com.apple.CarPlay = {
								enabled = 1;
							};
						};
					};
				};
			};
			buildConfigurationList = 97C146E91CF9000F007C117D /* Build configuration list for PBXProject "Runner" */;
			compatibilityVersion = "Xcode 9.3";
			developmentRegion = en;
			hasScannedForEncodings = 0;
			knownRegions = (
				en,
				Base,
			);
			mainGroup = 97C146E51CF9000F007C117D;
			productRefGroup = 97C146EF1CF9000F007C117D /* Products */;
			projectDirPath = "";
			projectRoot = "";
			targets = (
				97C146ED1CF9000F007C117D /* Runner */,
				331C8080294A63A400263BE5 /* RunnerTests */,
				ED2136EA7E6D13F92380FDB8 /* OrderingWatchApp */,
				BEE58A2E432CA80050254240 /* OrderingWatchExtension */,
			);
		};
/* End PBXProject section */

/* Begin PBXResourcesBuildPhase section */
		331C807F294A63A400263BE5 /* Resources */ = {
			isa = PBXResourcesBuildPhase;
			buildActionMask = 2147483647;
			files = (
			);
			runOnlyForDeploymentPostprocessing = 0;
		};
		3A5D4D67EB2B8D4D54F51DB4 /* Resources */ = {
			isa = PBXResourcesBuildPhase;
			buildActionMask = 2147483647;
			files = (
				0CE1F34692BAE769AA7C8108 /* Info.plist in Resources */,
				E2E6FD2971B688D244C244B0 /* WatchExtension.entitlements in Resources */,
			);
			runOnlyForDeploymentPostprocessing = 0;
		};
		97C146EC1CF9000F007C117D /* Resources */ = {
			isa = PBXResourcesBuildPhase;
			buildActionMask = 2147483647;
			files = (
				97C147011CF9000F007C117D /* LaunchScreen.storyboard in Resources */,
				3B3967161E833CAA004F5970 /* AppFrameworkInfo.plist in Resources */,
				97C146FE1CF9000F007C117D /* Assets.xcassets in Resources */,
				97C146FC1CF9000F007C117D /* Main.storyboard in Resources */,
			);
			runOnlyForDeploymentPostprocessing = 0;
		};
		C8F94647600C034AD2444464 /* Resources */ = {
			isa = PBXResourcesBuildPhase;
			buildActionMask = 2147483647;
			files = (
				05277B8C5E93123A6E7939AC /* Info.plist in Resources */,
				BB2376B9DA3453B47EFF046B /* WatchApp.entitlements in Resources */,
			);
			runOnlyForDeploymentPostprocessing = 0;
		};
/* End PBXResourcesBuildPhase section */

/* Begin PBXShellScriptBuildPhase section */
		3B06AD1E1E4923F5004D2608 /* Thin Binary */ = {
			isa = PBXShellScriptBuildPhase;
			alwaysOutOfDate = 1;
			buildActionMask = 2147483647;
			files = (
			);
			inputPaths = (
				"${TARGET_BUILD_DIR}/${INFOPLIST_PATH}",
			);
			name = "Thin Binary";
			outputPaths = (
			);
			runOnlyForDeploymentPostprocessing = 0;
			shellPath = /bin/sh;
			shellScript = "/bin/sh \"$FLUTTER_ROOT/packages/flutter_tools/bin/xcode_backend.sh\" embed_and_thin";
		};
		9740EEB61CF901F6004384FC /* Run Script */ = {
			isa = PBXShellScriptBuildPhase;
			alwaysOutOfDate = 1;
			buildActionMask = 2147483647;
			files = (
			);
			inputPaths = (
			);
			name = "Run Script";
			outputPaths = (
			);
			runOnlyForDeploymentPostprocessing = 0;
			shellPath = /bin/sh;
			shellScript = "/bin/sh \"$FLUTTER_ROOT/packages/flutter_tools/bin/xcode_backend.sh\" build";
		};
/* End PBXShellScriptBuildPhase section */

/* Begin PBXSourcesBuildPhase section */
		331C807D294A63A400263BE5 /* Sources */ = {
			isa = PBXSourcesBuildPhase;
			buildActionMask = 2147483647;
			files = (
				331C808B294A63AB00263BE5 /* RunnerTests.swift in Sources */,
			);
			runOnlyForDeploymentPostprocessing = 0;
		};
		71BE115EAC7A4017F096B4A1 /* Sources */ = {
			isa = PBXSourcesBuildPhase;
			buildActionMask = 2147483647;
			files = (
			);
			runOnlyForDeploymentPostprocessing = 0;
		};
		97C146EA1CF9000F007C117D /* Sources */ = {
			isa = PBXSourcesBuildPhase;
			buildActionMask = 2147483647;
			files = (
				74858FAF1ED2DC5600515810 /* AppDelegate.swift in Sources */,
				C1A1B2C3D4E5F60718293A4B /* CarPlayClient.swift in Sources */,
				C1A1B2C3D4E5F60718293A4C /* CarPlayModels.swift in Sources */,
				C1A1B2C3D4E5F60718293A4D /* CarPlaySceneDelegate.swift in Sources */,
				C1A1B2C3D4E5F60718293A4E /* CarPlaySessionStore.swift in Sources */,
				1498D2341E8E89220040F4C2 /* GeneratedPluginRegistrant.m in Sources */,
			);
			runOnlyForDeploymentPostprocessing = 0;
		};
		D745DEE8E59FD013AC0CA66E /* Sources */ = {
			isa = PBXSourcesBuildPhase;
			buildActionMask = 2147483647;
			files = (
				75348CE83D79947DE10A1A29 /* OrderingWatchApp.swift in Sources */,
				15CA7612AB7B4BA93FA720A2 /* WatchContentView.swift in Sources */,
				19194900A1F4FA892A9FFB53 /* WatchModels.swift in Sources */,
				AFDA76E7C362FDB0536DC499 /* WatchSessionStore.swift in Sources */,
				DF9C4335ED23EAE322BDB3ED /* WatchAPIClient.swift in Sources */,
				FEB2D3651FF788A06F578BEB /* WatchHandoffLink.swift in Sources */,
				CF41E4F16F65DA6CD96E6674 /* WatchConnectivityManager.swift in Sources */,
				8B7D587CD68E8AD2088AF488 /* WatchOrdersViewModel.swift in Sources */,
			);
			runOnlyForDeploymentPostprocessing = 0;
		};
/* End PBXSourcesBuildPhase section */

/* Begin PBXTargetDependency section */
		328FF415D3E41EA59A5CAE6B /* PBXTargetDependency */ = {
			isa = PBXTargetDependency;
			name = OrderingWatchApp;
			target = ED2136EA7E6D13F92380FDB8 /* OrderingWatchApp */;
			targetProxy = 8DE1472A90F5F4175657A762 /* PBXContainerItemProxy */;
		};
		331C8086294A63A400263BE5 /* PBXTargetDependency */ = {
			isa = PBXTargetDependency;
			target = 97C146ED1CF9000F007C117D /* Runner */;
			targetProxy = 331C8085294A63A400263BE5 /* PBXContainerItemProxy */;
		};
		586B64E67633719D7A7CA654 /* PBXTargetDependency */ = {
			isa = PBXTargetDependency;
			name = OrderingWatchExtension;
			target = BEE58A2E432CA80050254240 /* OrderingWatchExtension */;
			targetProxy = 62F59EDA1D59E2853467FE0B /* PBXContainerItemProxy */;
		};
/* End PBXTargetDependency section */

/* Begin PBXVariantGroup section */
		97C146FA1CF9000F007C117D /* Main.storyboard */ = {
			isa = PBXVariantGroup;
			children = (
				97C146FB1CF9000F007C117D /* Base */,
			);
			name = Main.storyboard;
			sourceTree = "<group>";
		};
		97C146FF1CF9000F007C117D /* LaunchScreen.storyboard */ = {
			isa = PBXVariantGroup;
			children = (
				97C147001CF9000F007C117D /* Base */,
			);
			name = LaunchScreen.storyboard;
			sourceTree = "<group>";
		};
/* End PBXVariantGroup section */

/* Begin XCBuildConfiguration section */
		022B0E0B19EF74F5B8424A9E /* Debug */ = {
			isa = XCBuildConfiguration;
			buildSettings = {
				CODE_SIGN_ENTITLEMENTS = WatchExtension/WatchExtension.entitlements;
				CONSUMER_APP_GROUP = group.com.orderingintelligence;
				INFOPLIST_FILE = WatchExtension/Info.plist;
				PRODUCT_BUNDLE_IDENTIFIER = com.orderingintelligence.consumer.watchkitextension;
				SDKROOT = watchos;
				SWIFT_VERSION = 5.0;
				TARGETED_DEVICE_FAMILY = 4;
				WATCHOS_DEPLOYMENT_TARGET = 9.0;
				WK_APP_BUNDLE_IDENTIFIER = com.orderingintelligence.consumer.watch;
				WK_COMPANION_APP_BUNDLE_IDENTIFIER = com.orderingintelligence.consumer;
			};
			name = Debug;
		};
		249021D3217E4FDB00AE95B9 /* Profile */ = {
			isa = XCBuildConfiguration;
			buildSettings = {
				ALWAYS_SEARCH_USER_PATHS = NO;
				ASSETCATALOG_COMPILER_GENERATE_SWIFT_ASSET_SYMBOL_EXTENSIONS = YES;
				CLANG_ANALYZER_NONNULL = YES;
				CLANG_CXX_LANGUAGE_STANDARD = "gnu++0x";
				CLANG_CXX_LIBRARY = "libc++";
				CLANG_ENABLE_MODULES = YES;
				CLANG_ENABLE_OBJC_ARC = YES;
				CLANG_WARN_BLOCK_CAPTURE_AUTORELEASING = YES;
				CLANG_WARN_BOOL_CONVERSION = YES;
				CLANG_WARN_COMMA = YES;
				CLANG_WARN_CONSTANT_CONVERSION = YES;
				CLANG_WARN_DEPRECATED_OBJC_IMPLEMENTATIONS = YES;
				CLANG_WARN_DIRECT_OBJC_ISA_USAGE = YES_ERROR;
				CLANG_WARN_EMPTY_BODY = YES;
				CLANG_WARN_ENUM_CONVERSION = YES;
				CLANG_WARN_INFINITE_RECURSION = YES;
				CLANG_WARN_INT_CONVERSION = YES;
				CLANG_WARN_NON_LITERAL_NULL_CONVERSION = YES;
				CLANG_WARN_OBJC_IMPLICIT_RETAIN_SELF = YES;
				CLANG_WARN_OBJC_LITERAL_CONVERSION = YES;
				CLANG_WARN_OBJC_ROOT_CLASS = YES_ERROR;
				CLANG_WARN_RANGE_LOOP_ANALYSIS = YES;
				CLANG_WARN_STRICT_PROTOTYPES = YES;
				CLANG_WARN_SUSPICIOUS_MOVE = YES;
				CLANG_WARN_UNREACHABLE_CODE = YES;
				CLANG_WARN__DUPLICATE_METHOD_MATCH = YES;
				"CODE_SIGN_IDENTITY[sdk=iphoneos*]" = "iPhone Developer";
				COPY_PHASE_STRIP = NO;
				DEBUG_INFORMATION_FORMAT = "dwarf-with-dsym";
				ENABLE_NS_ASSERTIONS = NO;
				ENABLE_STRICT_OBJC_MSGSEND = YES;
				ENABLE_USER_SCRIPT_SANDBOXING = NO;
				GCC_C_LANGUAGE_STANDARD = gnu99;
				GCC_NO_COMMON_BLOCKS = YES;
				GCC_WARN_64_TO_32_BIT_CONVERSION = YES;
				GCC_WARN_ABOUT_RETURN_TYPE = YES_ERROR;
				GCC_WARN_UNDECLARED_SELECTOR = YES;
				GCC_WARN_UNINITIALIZED_AUTOS = YES_AGGRESSIVE;
				GCC_WARN_UNUSED_FUNCTION = YES;
				GCC_WARN_UNUSED_VARIABLE = YES;
				IPHONEOS_DEPLOYMENT_TARGET = 13.0;
				MTL_ENABLE_DEBUG_INFO = NO;
				SDKROOT = iphoneos;
				SUPPORTED_PLATFORMS = iphoneos;
				TARGETED_DEVICE_FAMILY = "1,2";
				VALIDATE_PRODUCT = YES;
			};
			name = Profile;
		};
		249021D4217E4FDB00AE95B9 /* Profile */ = {
			isa = XCBuildConfiguration;
			baseConfigurationReference = 7AFA3C8E1D35360C0083082E /* Release.xcconfig */;
			buildSettings = {
				ASSETCATALOG_COMPILER_APPICON_NAME = AppIcon;
				CLANG_ENABLE_MODULES = YES;
				CODE_SIGN_ENTITLEMENTS = Runner/Runner.entitlements;
				CURRENT_PROJECT_VERSION = "$(FLUTTER_BUILD_NUMBER)";
				DEVELOPMENT_TEAM = EYR6YYD3N3;
				ENABLE_BITCODE = NO;
				INFOPLIST_FILE = Runner/Info.plist;
				LD_RUNPATH_SEARCH_PATHS = (
					"$(inherited)",
					"@executable_path/Frameworks",
				);
				PRODUCT_BUNDLE_IDENTIFIER = com.orderingintelligence.consumer;
				PRODUCT_NAME = "$(TARGET_NAME)";
				SWIFT_OBJC_BRIDGING_HEADER = "Runner/Runner-Bridging-Header.h";
				SWIFT_VERSION = 5.7;
				VERSIONING_SYSTEM = "apple-generic";
			};
			name = Profile;
		};
		331C8088294A63A400263BE5 /* Debug */ = {
			isa = XCBuildConfiguration;
			buildSettings = {
				BUNDLE_LOADER = "$(TEST_HOST)";
				CODE_SIGN_STYLE = Automatic;
				CURRENT_PROJECT_VERSION = 1;
				GENERATE_INFOPLIST_FILE = YES;
				MARKETING_VERSION = 1.0;
				PRODUCT_BUNDLE_IDENTIFIER = com.orderingintelligence.consumer.RunnerTests;
				PRODUCT_NAME = "$(TARGET_NAME)";
				SWIFT_ACTIVE_COMPILATION_CONDITIONS = DEBUG;
				SWIFT_OPTIMIZATION_LEVEL = "-Onone";
				SWIFT_VERSION = 5.7;
				TEST_HOST = "$(BUILT_PRODUCTS_DIR)/Runner.app/$(BUNDLE_EXECUTABLE_FOLDER_PATH)/Runner";
			};
			name = Debug;
		};
		331C8089294A63A400263BE5 /* Release */ = {
			isa = XCBuildConfiguration;
			buildSettings = {
				BUNDLE_LOADER = "$(TEST_HOST)";
				CODE_SIGN_STYLE = Automatic;
				CURRENT_PROJECT_VERSION = 1;
				GENERATE_INFOPLIST_FILE = YES;
				MARKETING_VERSION = 1.0;
				PRODUCT_BUNDLE_IDENTIFIER = com.orderingintelligence.consumer.RunnerTests;
				PRODUCT_NAME = "$(TARGET_NAME)";
				SWIFT_VERSION = 5.7;
				TEST_HOST = "$(BUILT_PRODUCTS_DIR)/Runner.app/$(BUNDLE_EXECUTABLE_FOLDER_PATH)/Runner";
			};
			name = Release;
		};
		331C808A294A63A400263BE5 /* Profile */ = {
			isa = XCBuildConfiguration;
			buildSettings = {
				BUNDLE_LOADER = "$(TEST_HOST)";
				CODE_SIGN_STYLE = Automatic;
				CURRENT_PROJECT_VERSION = 1;
				GENERATE_INFOPLIST_FILE = YES;
				MARKETING_VERSION = 1.0;
				PRODUCT_BUNDLE_IDENTIFIER = com.orderingintelligence.consumer.RunnerTests;
				PRODUCT_NAME = "$(TARGET_NAME)";
				SWIFT_VERSION = 5.7;
				TEST_HOST = "$(BUILT_PRODUCTS_DIR)/Runner.app/$(BUNDLE_EXECUTABLE_FOLDER_PATH)/Runner";
			};
			name = Profile;
		};
		4C44733525C60ACBEBC29D8B /* Profile */ = {
			isa = XCBuildConfiguration;
			buildSettings = {
				CODE_SIGN_ENTITLEMENTS = WatchApp/WatchApp.entitlements;
				CONSUMER_APP_GROUP = group.com.orderingintelligence;
				INFOPLIST_FILE = WatchApp/Info.plist;
				PRODUCT_BUNDLE_IDENTIFIER = com.orderingintelligence.consumer.watch;
				SDKROOT = watchos;
				SWIFT_VERSION = 5.0;
				TARGETED_DEVICE_FAMILY = 4;
				VALIDATE_PRODUCT = YES;
				WATCHOS_DEPLOYMENT_TARGET = 9.0;
				WK_COMPANION_APP_BUNDLE_IDENTIFIER = com.orderingintelligence.consumer;
			};
			name = Profile;
		};
		4F38E44C48C9E50A61FCEA17 /* Release */ = {
			isa = XCBuildConfiguration;
			buildSettings = {
				CODE_SIGN_ENTITLEMENTS = WatchExtension/WatchExtension.entitlements;
				CONSUMER_APP_GROUP = group.com.orderingintelligence;
				INFOPLIST_FILE = WatchExtension/Info.plist;
				PRODUCT_BUNDLE_IDENTIFIER = com.orderingintelligence.consumer.watchkitextension;
				SDKROOT = watchos;
				SWIFT_VERSION = 5.0;
				TARGETED_DEVICE_FAMILY = 4;
				VALIDATE_PRODUCT = YES;
				WATCHOS_DEPLOYMENT_TARGET = 9.0;
				WK_APP_BUNDLE_IDENTIFIER = com.orderingintelligence.consumer.watch;
				WK_COMPANION_APP_BUNDLE_IDENTIFIER = com.orderingintelligence.consumer;
			};
			name = Release;
		};
		67E429726CF47026DC2F2403 /* Debug */ = {
			isa = XCBuildConfiguration;
			buildSettings = {
				CODE_SIGN_ENTITLEMENTS = WatchApp/WatchApp.entitlements;
				CONSUMER_APP_GROUP = group.com.orderingintelligence;
				INFOPLIST_FILE = WatchApp/Info.plist;
				PRODUCT_BUNDLE_IDENTIFIER = com.orderingintelligence.consumer.watch;
				SDKROOT = watchos;
				SWIFT_VERSION = 5.0;
				TARGETED_DEVICE_FAMILY = 4;
				WATCHOS_DEPLOYMENT_TARGET = 9.0;
				WK_COMPANION_APP_BUNDLE_IDENTIFIER = com.orderingintelligence.consumer;
			};
			name = Debug;
		};
		97C147031CF9000F007C117D /* Debug */ = {
			isa = XCBuildConfiguration;
			buildSettings = {
				ALWAYS_SEARCH_USER_PATHS = NO;
				ASSETCATALOG_COMPILER_GENERATE_SWIFT_ASSET_SYMBOL_EXTENSIONS = YES;
				CLANG_ANALYZER_NONNULL = YES;
				CLANG_CXX_LANGUAGE_STANDARD = "gnu++0x";
				CLANG_CXX_LIBRARY = "libc++";
				CLANG_ENABLE_MODULES = YES;
				CLANG_ENABLE_OBJC_ARC = YES;
				CLANG_WARN_BLOCK_CAPTURE_AUTORELEASING = YES;
				CLANG_WARN_BOOL_CONVERSION = YES;
				CLANG_WARN_COMMA = YES;
				CLANG_WARN_CONSTANT_CONVERSION = YES;
				CLANG_WARN_DEPRECATED_OBJC_IMPLEMENTATIONS = YES;
				CLANG_WARN_DIRECT_OBJC_ISA_USAGE = YES_ERROR;
				CLANG_WARN_EMPTY_BODY = YES;
				CLANG_WARN_ENUM_CONVERSION = YES;
				CLANG_WARN_INFINITE_RECURSION = YES;
				CLANG_WARN_INT_CONVERSION = YES;
				CLANG_WARN_NON_LITERAL_NULL_CONVERSION = YES;
				CLANG_WARN_OBJC_IMPLICIT_RETAIN_SELF = YES;
				CLANG_WARN_OBJC_LITERAL_CONVERSION = YES;
				CLANG_WARN_OBJC_ROOT_CLASS = YES_ERROR;
				CLANG_WARN_RANGE_LOOP_ANALYSIS = YES;
				CLANG_WARN_STRICT_PROTOTYPES = YES;
				CLANG_WARN_SUSPICIOUS_MOVE = YES;
				CLANG_WARN_UNREACHABLE_CODE = YES;
				CLANG_WARN__DUPLICATE_METHOD_MATCH = YES;
				"CODE_SIGN_IDENTITY[sdk=iphoneos*]" = "iPhone Developer";
				COPY_PHASE_STRIP = NO;
				DEBUG_INFORMATION_FORMAT = dwarf;
				ENABLE_STRICT_OBJC_MSGSEND = YES;
				ENABLE_TESTABILITY = YES;
				ENABLE_USER_SCRIPT_SANDBOXING = NO;
				GCC_C_LANGUAGE_STANDARD = gnu99;
				GCC_DYNAMIC_NO_PIC = NO;
				GCC_NO_COMMON_BLOCKS = YES;
				GCC_OPTIMIZATION_LEVEL = 0;
				GCC_PREPROCESSOR_DEFINITIONS = (
					"DEBUG=1",
					"$(inherited)",
				);
				GCC_WARN_64_TO_32_BIT_CONVERSION = YES;
				GCC_WARN_ABOUT_RETURN_TYPE = YES_ERROR;
				GCC_WARN_UNDECLARED_SELECTOR = YES;
				GCC_WARN_UNINITIALIZED_AUTOS = YES_AGGRESSIVE;
				GCC_WARN_UNUSED_FUNCTION = YES;
				GCC_WARN_UNUSED_VARIABLE = YES;
				IPHONEOS_DEPLOYMENT_TARGET = 13.0;
				MTL_ENABLE_DEBUG_INFO = YES;
				ONLY_ACTIVE_ARCH = YES;
				SDKROOT = iphoneos;
				TARGETED_DEVICE_FAMILY = "1,2";
			};
			name = Debug;
		};
		97C147041CF9000F007C117D /* Release */ = {
			isa = XCBuildConfiguration;
			buildSettings = {
				ALWAYS_SEARCH_USER_PATHS = NO;
				ASSETCATALOG_COMPILER_GENERATE_SWIFT_ASSET_SYMBOL_EXTENSIONS = YES;
				CLANG_ANALYZER_NONNULL = YES;
				CLANG_CXX_LANGUAGE_STANDARD = "gnu++0x";
				CLANG_CXX_LIBRARY = "libc++";
				CLANG_ENABLE_MODULES = YES;
				CLANG_ENABLE_OBJC_ARC = YES;
				CLANG_WARN_BLOCK_CAPTURE_AUTORELEASING = YES;
				CLANG_WARN_BOOL_CONVERSION = YES;
				CLANG_WARN_COMMA = YES;
				CLANG_WARN_CONSTANT_CONVERSION = YES;
				CLANG_WARN_DEPRECATED_OBJC_IMPLEMENTATIONS = YES;
				CLANG_WARN_DIRECT_OBJC_ISA_USAGE = YES_ERROR;
				CLANG_WARN_EMPTY_BODY = YES;
				CLANG_WARN_ENUM_CONVERSION = YES;
				CLANG_WARN_INFINITE_RECURSION = YES;
				CLANG_WARN_INT_CONVERSION = YES;
				CLANG_WARN_NON_LITERAL_NULL_CONVERSION = YES;
				CLANG_WARN_OBJC_IMPLICIT_RETAIN_SELF = YES;
				CLANG_WARN_OBJC_LITERAL_CONVERSION = YES;
				CLANG_WARN_OBJC_ROOT_CLASS = YES_ERROR;
				CLANG_WARN_RANGE_LOOP_ANALYSIS = YES;
				CLANG_WARN_STRICT_PROTOTYPES = YES;
				CLANG_WARN_SUSPICIOUS_MOVE = YES;
				CLANG_WARN_UNREACHABLE_CODE = YES;
				CLANG_WARN__DUPLICATE_METHOD_MATCH = YES;
				"CODE_SIGN_IDENTITY[sdk=iphoneos*]" = "iPhone Developer";
				COPY_PHASE_STRIP = NO;
				DEBUG_INFORMATION_FORMAT = "dwarf-with-dsym";
				ENABLE_NS_ASSERTIONS = NO;
				ENABLE_STRICT_OBJC_MSGSEND = YES;
				ENABLE_USER_SCRIPT_SANDBOXING = NO;
				GCC_C_LANGUAGE_STANDARD = gnu99;
				GCC_NO_COMMON_BLOCKS = YES;
				GCC_WARN_64_TO_32_BIT_CONVERSION = YES;
				GCC_WARN_ABOUT_RETURN_TYPE = YES_ERROR;
				GCC_WARN_UNDECLARED_SELECTOR = YES;
				GCC_WARN_UNINITIALIZED_AUTOS = YES_AGGRESSIVE;
				GCC_WARN_UNUSED_FUNCTION = YES;
				GCC_WARN_UNUSED_VARIABLE = YES;
				IPHONEOS_DEPLOYMENT_TARGET = 13.0;
				MTL_ENABLE_DEBUG_INFO = NO;
				SDKROOT = iphoneos;
				SUPPORTED_PLATFORMS = iphoneos;
				SWIFT_COMPILATION_MODE = wholemodule;
				SWIFT_OPTIMIZATION_LEVEL = "-O";
				TARGETED_DEVICE_FAMILY = "1,2";
				VALIDATE_PRODUCT = YES;
			};
			name = Release;
		};
		97C147061CF9000F007C117D /* Debug */ = {
			isa = XCBuildConfiguration;
			baseConfigurationReference = 9740EEB21CF90195004384FC /* Debug.xcconfig */;
			buildSettings = {
				ASSETCATALOG_COMPILER_APPICON_NAME = AppIcon;
				CLANG_ENABLE_MODULES = YES;
				CODE_SIGN_ENTITLEMENTS = Runner/Runner.entitlements;
				CURRENT_PROJECT_VERSION = "$(FLUTTER_BUILD_NUMBER)";
				DEVELOPMENT_TEAM = EYR6YYD3N3;
				ENABLE_BITCODE = NO;
				INFOPLIST_FILE = Runner/Info.plist;
				LD_RUNPATH_SEARCH_PATHS = (
					"$(inherited)",
					"@executable_path/Frameworks",
				);
				PRODUCT_BUNDLE_IDENTIFIER = com.orderingintelligence.consumer;
				PRODUCT_NAME = "$(TARGET_NAME)";
				SWIFT_OBJC_BRIDGING_HEADER = "Runner/Runner-Bridging-Header.h";
				SWIFT_OPTIMIZATION_LEVEL = "-Onone";
				SWIFT_VERSION = 5.7;
				VERSIONING_SYSTEM = "apple-generic";
			};
			name = Debug;
		};
		97C147071CF9000F007C117D /* Release */ = {
			isa = XCBuildConfiguration;
			baseConfigurationReference = 7AFA3C8E1D35360C0083082E /* Release.xcconfig */;
			buildSettings = {
				ASSETCATALOG_COMPILER_APPICON_NAME = AppIcon;
				CLANG_ENABLE_MODULES = YES;
				CODE_SIGN_ENTITLEMENTS = Runner/Runner.entitlements;
				CURRENT_PROJECT_VERSION = "$(FLUTTER_BUILD_NUMBER)";
				DEVELOPMENT_TEAM = EYR6YYD3N3;
				ENABLE_BITCODE = NO;
				INFOPLIST_FILE = Runner/Info.plist;
				LD_RUNPATH_SEARCH_PATHS = (
					"$(inherited)",
					"@executable_path/Frameworks",
				);
				PRODUCT_BUNDLE_IDENTIFIER = com.orderingintelligence.consumer;
				PRODUCT_NAME = "$(TARGET_NAME)";
				SWIFT_OBJC_BRIDGING_HEADER = "Runner/Runner-Bridging-Header.h";
				SWIFT_VERSION = 5.7;
				VERSIONING_SYSTEM = "apple-generic";
			};
			name = Release;
		};
		AC44D9C1B82DDBDEDF3EC349 /* Release */ = {
			isa = XCBuildConfiguration;
			buildSettings = {
				CODE_SIGN_ENTITLEMENTS = WatchApp/WatchApp.entitlements;
				CONSUMER_APP_GROUP = group.com.orderingintelligence;
				INFOPLIST_FILE = WatchApp/Info.plist;
				PRODUCT_BUNDLE_IDENTIFIER = com.orderingintelligence.consumer.watch;
				SDKROOT = watchos;
				SWIFT_VERSION = 5.0;
				TARGETED_DEVICE_FAMILY = 4;
				VALIDATE_PRODUCT = YES;
				WATCHOS_DEPLOYMENT_TARGET = 9.0;
				WK_COMPANION_APP_BUNDLE_IDENTIFIER = com.orderingintelligence.consumer;
			};
			name = Release;
		};
		BA5F07D68C857D35AA9C096E /* Profile */ = {
			isa = XCBuildConfiguration;
			buildSettings = {
				CODE_SIGN_ENTITLEMENTS = WatchExtension/WatchExtension.entitlements;
				CONSUMER_APP_GROUP = group.com.orderingintelligence;
				INFOPLIST_FILE = WatchExtension/Info.plist;
				PRODUCT_BUNDLE_IDENTIFIER = com.orderingintelligence.consumer.watchkitextension;
				SDKROOT = watchos;
				SWIFT_VERSION = 5.0;
				TARGETED_DEVICE_FAMILY = 4;
				VALIDATE_PRODUCT = YES;
				WATCHOS_DEPLOYMENT_TARGET = 9.0;
				WK_APP_BUNDLE_IDENTIFIER = com.orderingintelligence.consumer.watch;
				WK_COMPANION_APP_BUNDLE_IDENTIFIER = com.orderingintelligence.consumer;
			};
			name = Profile;
		};
/* End XCBuildConfiguration section */

/* Begin XCConfigurationList section */
		331C8087294A63A400263BE5 /* Build configuration list for PBXNativeTarget "RunnerTests" */ = {
			isa = XCConfigurationList;
			buildConfigurations = (
				331C8088294A63A400263BE5 /* Debug */,
				331C8089294A63A400263BE5 /* Release */,
				331C808A294A63A400263BE5 /* Profile */,
			);
			defaultConfigurationIsVisible = 0;
			defaultConfigurationName = Release;
		};
		953825A67B605242F9B0516D /* Build configuration list for PBXNativeTarget "OrderingWatchApp" */ = {
			isa = XCConfigurationList;
			buildConfigurations = (
				AC44D9C1B82DDBDEDF3EC349 /* Release */,
				67E429726CF47026DC2F2403 /* Debug */,
				4C44733525C60ACBEBC29D8B /* Profile */,
			);
			defaultConfigurationIsVisible = 0;
			defaultConfigurationName = Release;
		};
		97C146E91CF9000F007C117D /* Build configuration list for PBXProject "Runner" */ = {
			isa = XCConfigurationList;
			buildConfigurations = (
				97C147031CF9000F007C117D /* Debug */,
				97C147041CF9000F007C117D /* Release */,
				249021D3217E4FDB00AE95B9 /* Profile */,
			);
			defaultConfigurationIsVisible = 0;
			defaultConfigurationName = Release;
		};
		97C147051CF9000F007C117D /* Build configuration list for PBXNativeTarget "Runner" */ = {
			isa = XCConfigurationList;
			buildConfigurations = (
				97C147061CF9000F007C117D /* Debug */,
				97C147071CF9000F007C117D /* Release */,
				249021D4217E4FDB00AE95B9 /* Profile */,
			);
			defaultConfigurationIsVisible = 0;
			defaultConfigurationName = Release;
		};
		A52938AB2F59CFA2BD2E3FDA /* Build configuration list for PBXNativeTarget "OrderingWatchExtension" */ = {
			isa = XCConfigurationList;
			buildConfigurations = (
				4F38E44C48C9E50A61FCEA17 /* Release */,
				022B0E0B19EF74F5B8424A9E /* Debug */,
				BA5F07D68C857D35AA9C096E /* Profile */,
			);
			defaultConfigurationIsVisible = 0;
			defaultConfigurationName = Release;
		};
/* End XCConfigurationList section */
	};
	rootObject = 97C146E61CF9000F007C117D /* Project object */;
}
